// !$*UTF8*$!
{
	archiveVersion = 1;
	classes = {
	};
	objectVersion = 56;
	objects = {

/* Begin PBXBuildFile section */
		5B24507529C9A5BB00353D1A /* AppDelegate.swift in Sources */ = {isa = PBXBuildFile; fileRef = 5B24507429C9A5BB00353D1A /* AppDelegate.swift */; };
		5B24507729C9A5BB00353D1A /* SceneDelegate.swift in Sources */ = {isa = PBXBuildFile; fileRef = 5B24507629C9A5BB00353D1A /* SceneDelegate.swift */; };
		5B24507929C9A5BB00353D1A /* ViewController.swift in Sources */ = {isa = PBXBuildFile; fileRef = 5B24507829C9A5BB00353D1A /* ViewController.swift */; };
		5B24507C29C9A5BB00353D1A /* Main.storyboard in Resources */ = {isa = PBXBuildFile; fileRef = 5B24507A29C9A5BB00353D1A /* Main.storyboard */; };
		5B24507E29C9A5BD00353D1A /* Assets.xcassets in Resources */ = {isa = PBXBuildFile; fileRef = 5B24507D29C9A5BD00353D1A /* Assets.xcassets */; };
		5B24508129C9A5BD00353D1A /* LaunchScreen.storyboard in Resources */ = {isa = PBXBuildFile; fileRef = 5B24507F29C9A5BD00353D1A /* LaunchScreen.storyboard */; };
		5B24508B29C9CFB900353D1A /* Tabbar.storyboard in Resources */ = {isa = PBXBuildFile; fileRef = 5B24508A29C9CFB900353D1A /* Tabbar.storyboard */; };
		5B24508D29C9F38000353D1A /* TabbarController.swift in Sources */ = {isa = PBXBuildFile; fileRef = 5B24508C29C9F38000353D1A /* TabbarController.swift */; };
		5B24509329CA4B2100353D1A /* feedViewController.swift in Sources */ = {isa = PBXBuildFile; fileRef = 5B24509229CA4B2100353D1A /* feedViewController.swift */; };
		5B24509529CA4B4100353D1A /* notificationsViewController.swift in Sources */ = {isa = PBXBuildFile; fileRef = 5B24509429CA4B4100353D1A /* notificationsViewController.swift */; };
		5B24509729CA4B5000353D1A /* ChatViewController.swift in Sources */ = {isa = PBXBuildFile; fileRef = 5B24509629CA4B5000353D1A /* ChatViewController.swift */; };
		5B24509929CA4B6500353D1A /* ProfileViewController.swift in Sources */ = {isa = PBXBuildFile; fileRef = 5B24509829CA4B6500353D1A /* ProfileViewController.swift */; };
		5B24509B29CA607600353D1A /* ProfileTableViewCell.swift in Sources */ = {isa = PBXBuildFile; fileRef = 5B24509A29CA607600353D1A /* ProfileTableViewCell.swift */; };
		5B24509E29CA644600353D1A /* HederView.xib in Resources */ = {isa = PBXBuildFile; fileRef = 5B24509D29CA644600353D1A /* HederView.xib */; };
		5B2450A029CA649000353D1A /* HederView.swift in Sources */ = {isa = PBXBuildFile; fileRef = 5B24509F29CA649000353D1A /* HederView.swift */; };
/* End PBXBuildFile section */

/* Begin PBXFileReference section */
		5B24507129C9A5BB00353D1A /* tiaraDanceProject.app */ = {isa = PBXFileReference; explicitFileType = wrapper.application; includeInIndex = 0; path = tiaraDanceProject.app; sourceTree = BUILT_PRODUCTS_DIR; };
		5B24507429C9A5BB00353D1A /* AppDelegate.swift */ = {isa = PBXFileReference; lastKnownFileType = sourcecode.swift; path = AppDelegate.swift; sourceTree = "<group>"; };
		5B24507629C9A5BB00353D1A /* SceneDelegate.swift */ = {isa = PBXFileReference; lastKnownFileType = sourcecode.swift; path = SceneDelegate.swift; sourceTree = "<group>"; };
		5B24507829C9A5BB00353D1A /* ViewController.swift */ = {isa = PBXFileReference; lastKnownFileType = sourcecode.swift; path = ViewController.swift; sourceTree = "<group>"; };
		5B24507B29C9A5BB00353D1A /* Base */ = {isa = PBXFileReference; lastKnownFileType = file.storyboard; name = Base; path = Base.lproj/Main.storyboard; sourceTree = "<group>"; };
		5B24507D29C9A5BD00353D1A /* Assets.xcassets */ = {isa = PBXFileReference; lastKnownFileType = folder.assetcatalog; path = Assets.xcassets; sourceTree = "<group>"; };
		5B24508029C9A5BD00353D1A /* Base */ = {isa = PBXFileReference; lastKnownFileType = file.storyboard; name = Base; path = Base.lproj/LaunchScreen.storyboard; sourceTree = "<group>"; };
		5B24508229C9A5BD00353D1A /* Info.plist */ = {isa = PBXFileReference; lastKnownFileType = text.plist.xml; path = Info.plist; sourceTree = "<group>"; };
		5B24508A29C9CFB900353D1A /* Tabbar.storyboard */ = {isa = PBXFileReference; lastKnownFileType = file.storyboard; path = Tabbar.storyboard; sourceTree = "<group>"; };
		5B24508C29C9F38000353D1A /* TabbarController.swift */ = {isa = PBXFileReference; lastKnownFileType = sourcecode.swift; path = TabbarController.swift; sourceTree = "<group>"; };
		5B24509229CA4B2100353D1A /* feedViewController.swift */ = {isa = PBXFileReference; lastKnownFileType = sourcecode.swift; path = feedViewController.swift; sourceTree = "<group>"; };
		5B24509429CA4B4100353D1A /* notificationsViewController.swift */ = {isa = PBXFileReference; lastKnownFileType = sourcecode.swift; path = notificationsViewController.swift; sourceTree = "<group>"; };
		5B24509629CA4B5000353D1A /* ChatViewController.swift */ = {isa = PBXFileReference; lastKnownFileType = sourcecode.swift; path = ChatViewController.swift; sourceTree = "<group>"; };
		5B24509829CA4B6500353D1A /* ProfileViewController.swift */ = {isa = PBXFileReference; lastKnownFileType = sourcecode.swift; path = ProfileViewController.swift; sourceTree = "<group>"; };
		5B24509A29CA607600353D1A /* ProfileTableViewCell.swift */ = {isa = PBXFileReference; lastKnownFileType = sourcecode.swift; path = ProfileTableViewCell.swift; sourceTree = "<group>"; };
		5B24509D29CA644600353D1A /* HederView.xib */ = {isa = PBXFileReference; lastKnownFileType = file.xib; path = HederView.xib; sourceTree = "<group>"; };
		5B24509F29CA649000353D1A /* HederView.swift */ = {isa = PBXFileReference; lastKnownFileType = sourcecode.swift; path = HederView.swift; sourceTree = "<group>"; };
/* End PBXFileReference section */

/* Begin PBXFrameworksBuildPhase section */
		5B24506E29C9A5BB00353D1A /* Frameworks */ = {
			isa = PBXFrameworksBuildPhase;
			buildActionMask = 2147483647;
			files = (
			);
			runOnlyForDeploymentPostprocessing = 0;
		};
/* End PBXFrameworksBuildPhase section */

/* Begin PBXGroup section */
		5B24506829C9A5BB00353D1A = {
			isa = PBXGroup;
			children = (
				5B24507329C9A5BB00353D1A /* tiaraDanceProject */,
				5B24507229C9A5BB00353D1A /* Products */,
			);
			sourceTree = "<group>";
		};
		5B24507229C9A5BB00353D1A /* Products */ = {
			isa = PBXGroup;
			children = (
				5B24507129C9A5BB00353D1A /* tiaraDanceProject.app */,
			);
			name = Products;
			sourceTree = "<group>";
		};
		5B24507329C9A5BB00353D1A /* tiaraDanceProject */ = {
			isa = PBXGroup;
			children = (
				5B24507429C9A5BB00353D1A /* AppDelegate.swift */,
				5B24507629C9A5BB00353D1A /* SceneDelegate.swift */,
				5B24508929C9CF2200353D1A /* main */,
				5B24508829C9CEE800353D1A /* Tabbar */,
				5B24507D29C9A5BD00353D1A /* Assets.xcassets */,
				5B24507F29C9A5BD00353D1A /* LaunchScreen.storyboard */,
				5B24508229C9A5BD00353D1A /* Info.plist */,
			);
			path = tiaraDanceProject;
			sourceTree = "<group>";
		};
		5B24508829C9CEE800353D1A /* Tabbar */ = {
			isa = PBXGroup;
			children = (
				5B24508E29CA495A00353D1A /* feed */,
				5B24509029CA49D800353D1A /* notifications */,
				5B24508F29CA498800353D1A /* chat */,
				5B24509129CA49F800353D1A /* profile */,
				5B24508A29C9CFB900353D1A /* Tabbar.storyboard */,
				5B24508C29C9F38000353D1A /* TabbarController.swift */,
			);
			path = Tabbar;
			sourceTree = "<group>";
		};
		5B24508929C9CF2200353D1A /* main */ = {
			isa = PBXGroup;
			children = (
				5B24507829C9A5BB00353D1A /* ViewController.swift */,
				5B24507A29C9A5BB00353D1A /* Main.storyboard */,
			);
			path = main;
			sourceTree = "<group>";
		};
		5B24508E29CA495A00353D1A /* feed */ = {
			isa = PBXGroup;
			children = (
				5B24509229CA4B2100353D1A /* feedViewController.swift */,
			);
			path = feed;
			sourceTree = "<group>";
		};
		5B24508F29CA498800353D1A /* chat */ = {
			isa = PBXGroup;
			children = (
				5B24509629CA4B5000353D1A /* ChatViewController.swift */,
			);
			path = chat;
			sourceTree = "<group>";
		};
		5B24509029CA49D800353D1A /* notifications */ = {
			isa = PBXGroup;
			children = (
				5B24509429CA4B4100353D1A /* notificationsViewController.swift */,
			);
			path = notifications;
			sourceTree = "<group>";
		};
		5B24509129CA49F800353D1A /* profile */ = {
			isa = PBXGroup;
			children = (
				5B24509C29CA642600353D1A /* Heder */,
				5B24509829CA4B6500353D1A /* ProfileViewController.swift */,
				5B24509A29CA607600353D1A /* ProfileTableViewCell.swift */,
			);
			path = profile;
			sourceTree = "<group>";
		};
		5B24509C29CA642600353D1A /* Heder */ = {
			isa = PBXGroup;
			children = (
				5B24509D29CA644600353D1A /* HederView.xib */,
				5B24509F29CA649000353D1A /* HederView.swift */,
			);
			path = Heder;
			sourceTree = "<group>";
		};
/* End PBXGroup section */

/* Begin PBXNativeTarget section */
		5B24507029C9A5BB00353D1A /* tiaraDanceProject */ = {
			isa = PBXNativeTarget;
			buildConfigurationList = 5B24508529C9A5BD00353D1A /* Build configuration list for PBXNativeTarget "tiaraDanceProject" */;
			buildPhases = (
				5B24506D29C9A5BB00353D1A /* Sources */,
				5B24506E29C9A5BB00353D1A /* Frameworks */,
				5B24506F29C9A5BB00353D1A /* Resources */,
			);
			buildRules = (
			);
			dependencies = (
			);
			name = tiaraDanceProject;
			productName = tiaraDanceProject;
			productReference = 5B24507129C9A5BB00353D1A /* tiaraDanceProject.app */;
			productType = "com.apple.product-type.application";
		};
/* End PBXNativeTarget section */

/* Begin PBXProject section */
		5B24506929C9A5BB00353D1A /* Project object */ = {
			isa = PBXProject;
			attributes = {
				BuildIndependentTargetsInParallel = 1;
				LastSwiftUpdateCheck = 1420;
				LastUpgradeCheck = 1420;
				TargetAttributes = {
					5B24507029C9A5BB00353D1A = {
						CreatedOnToolsVersion = 14.2;
					};
				};
			};
			buildConfigurationList = 5B24506C29C9A5BB00353D1A /* Build configuration list for PBXProject "tiaraDanceProject" */;
			compatibilityVersion = "Xcode 14.0";
			developmentRegion = en;
			hasScannedForEncodings = 0;
			knownRegions = (
				en,
				Base,
			);
			mainGroup = 5B24506829C9A5BB00353D1A;
			productRefGroup = 5B24507229C9A5BB00353D1A /* Products */;
			projectDirPath = "";
			projectRoot = "";
			targets = (
				5B24507029C9A5BB00353D1A /* tiaraDanceProject */,
			);
		};
/* End PBXProject section */

/* Begin PBXResourcesBuildPhase section */
		5B24506F29C9A5BB00353D1A /* Resources */ = {
			isa = PBXResourcesBuildPhase;
			buildActionMask = 2147483647;
			files = (
				5B24509E29CA644600353D1A /* HederView.xib in Resources */,
				5B24508B29C9CFB900353D1A /* Tabbar.storyboard in Resources */,
				5B24508129C9A5BD00353D1A /* LaunchScreen.storyboard in Resources */,
				5B24507E29C9A5BD00353D1A /* Assets.xcassets in Resources */,
				5B24507C29C9A5BB00353D1A /* Main.storyboard in Resources */,
			);
			runOnlyForDeploymentPostprocessing = 0;
		};
/* End PBXResourcesBuildPhase section */

/* Begin PBXSourcesBuildPhase section */
		5B24506D29C9A5BB00353D1A /* Sources */ = {
			isa = PBXSourcesBuildPhase;
			buildActionMask = 2147483647;
			files = (
				5B24509329CA4B2100353D1A /* feedViewController.swift in Sources */,
				5B24507929C9A5BB00353D1A /* ViewController.swift in Sources */,
				5B24508D29C9F38000353D1A /* TabbarController.swift in Sources */,
				5B2450A029CA649000353D1A /* HederView.swift in Sources */,
				5B24509B29CA607600353D1A /* ProfileTableViewCell.swift in Sources */,
				5B24509729CA4B5000353D1A /* ChatViewController.swift in Sources */,
				5B24509529CA4B4100353D1A /* notificationsViewController.swift in Sources */,
				5B24507529C9A5BB00353D1A /* AppDelegate.swift in Sources */,
				5B24509929CA4B6500353D1A /* ProfileViewController.swift in Sources */,
				5B24507729C9A5BB00353D1A /* SceneDelegate.swift in Sources */,
			);
			runOnlyForDeploymentPostprocessing = 0;
		};
/* End PBXSourcesBuildPhase section */

/* Begin PBXVariantGroup section */
		5B24507A29C9A5BB00353D1A /* Main.storyboard */ = {
			isa = PBXVariantGroup;
			children = (
				5B24507B29C9A5BB00353D1A /* Base */,
			);
			name = Main.storyboard;
			sourceTree = "<group>";
		};
		5B24507F29C9A5BD00353D1A /* LaunchScreen.storyboard */ = {
			isa = PBXVariantGroup;
			children = (
				5B24508029C9A5BD00353D1A /* Base */,
			);
			name = LaunchScreen.storyboard;
			sourceTree = "<group>";
		};
/* End PBXVariantGroup section */

/* Begin XCBuildConfiguration section */
		5B24508329C9A5BD00353D1A /* Debug */ = {
			isa = XCBuildConfiguration;
			buildSettings = {
				ALWAYS_SEARCH_USER_PATHS = NO;
				CLANG_ANALYZER_NONNULL = YES;
				CLANG_ANALYZER_NUMBER_OBJECT_CONVERSION = YES_AGGRESSIVE;
				CLANG_CXX_LANGUAGE_STANDARD = "gnu++20";
				CLANG_ENABLE_MODULES = YES;
				CLANG_ENABLE_OBJC_ARC = YES;
				CLANG_ENABLE_OBJC_WEAK = YES;
				CLANG_WARN_BLOCK_CAPTURE_AUTORELEASING = YES;
				CLANG_WARN_BOOL_CONVERSION = YES;
				CLANG_WARN_COMMA = YES;
				CLANG_WARN_CONSTANT_CONVERSION = YES;
				CLANG_WARN_DEPRECATED_OBJC_IMPLEMENTATIONS = YES;
				CLANG_WARN_DIRECT_OBJC_ISA_USAGE = YES_ERROR;
				CLANG_WARN_DOCUMENTATION_COMMENTS = YES;
				CLANG_WARN_EMPTY_BODY = YES;
				CLANG_WARN_ENUM_CONVERSION = YES;
				CLANG_WARN_INFINITE_RECURSION = YES;
				CLANG_WARN_INT_CONVERSION = YES;
				CLANG_WARN_NON_LITERAL_NULL_CONVERSION = YES;
				CLANG_WARN_OBJC_IMPLICIT_RETAIN_SELF = YES;
				CLANG_WARN_OBJC_LITERAL_CONVERSION = YES;
				CLANG_WARN_OBJC_ROOT_CLASS = YES_ERROR;
				CLANG_WARN_QUOTED_INCLUDE_IN_FRAMEWORK_HEADER = YES;
				CLANG_WARN_RANGE_LOOP_ANALYSIS = YES;
				CLANG_WARN_STRICT_PROTOTYPES = YES;
				CLANG_WARN_SUSPICIOUS_MOVE = YES;
				CLANG_WARN_UNGUARDED_AVAILABILITY = YES_AGGRESSIVE;
				CLANG_WARN_UNREACHABLE_CODE = YES;
				CLANG_WARN__DUPLICATE_METHOD_MATCH = YES;
				COPY_PHASE_STRIP = NO;
				DEBUG_INFORMATION_FORMAT = dwarf;
				ENABLE_STRICT_OBJC_MSGSEND = YES;
				ENABLE_TESTABILITY = YES;
				GCC_C_LANGUAGE_STANDARD = gnu11;
				GCC_DYNAMIC_NO_PIC = NO;
				GCC_NO_COMMON_BLOCKS = YES;
				GCC_OPTIMIZATION_LEVEL = 0;
				GCC_PREPROCESSOR_DEFINITIONS = (
					"DEBUG=1",
					"$(inherited)",
				);
				GCC_WARN_64_TO_32_BIT_CONVERSION = YES;
				GCC_WARN_ABOUT_RETURN_TYPE = YES_ERROR;
				GCC_WARN_UNDECLARED_SELECTOR = YES;
				GCC_WARN_UNINITIALIZED_AUTOS = YES_AGGRESSIVE;
				GCC_WARN_UNUSED_FUNCTION = YES;
				GCC_WARN_UNUSED_VARIABLE = YES;
				IPHONEOS_DEPLOYMENT_TARGET = 16.2;
				MTL_ENABLE_DEBUG_INFO = INCLUDE_SOURCE;
				MTL_FAST_MATH = YES;
				ONLY_ACTIVE_ARCH = YES;
				SDKROOT = iphoneos;
				SWIFT_ACTIVE_COMPILATION_CONDITIONS = DEBUG;
				SWIFT_OPTIMIZATION_LEVEL = "-Onone";
			};
			name = Debug;
		};
		5B24508429C9A5BD00353D1A /* Release */ = {
			isa = XCBuildConfiguration;
			buildSettings = {
				ALWAYS_SEARCH_USER_PATHS = NO;
				CLANG_ANALYZER_NONNULL = YES;
				CLANG_ANALYZER_NUMBER_OBJECT_CONVERSION = YES_AGGRESSIVE;
				CLANG_CXX_LANGUAGE_STANDARD = "gnu++20";
				CLANG_ENABLE_MODULES = YES;
				CLANG_ENABLE_OBJC_ARC = YES;
				CLANG_ENABLE_OBJC_WEAK = YES;
				CLANG_WARN_BLOCK_CAPTURE_AUTORELEASING = YES;
				CLANG_WARN_BOOL_CONVERSION = YES;
				CLANG_WARN_COMMA = YES;
				CLANG_WARN_CONSTANT_CONVERSION = YES;
				CLANG_WARN_DEPRECATED_OBJC_IMPLEMENTATIONS = YES;
				CLANG_WARN_DIRECT_OBJC_ISA_USAGE = YES_ERROR;
				CLANG_WARN_DOCUMENTATION_COMMENTS = YES;
				CLANG_WARN_EMPTY_BODY = YES;
				CLANG_WARN_ENUM_CONVERSION = YES;
				CLANG_WARN_INFINITE_RECURSION = YES;
				CLANG_WARN_INT_CONVERSION = YES;
				CLANG_WARN_NON_LITERAL_NULL_CONVERSION = YES;
				CLANG_WARN_OBJC_IMPLICIT_RETAIN_SELF = YES;
				CLANG_WARN_OBJC_LITERAL_CONVERSION = YES;
				CLANG_WARN_OBJC_ROOT_CLASS = YES_ERROR;
				CLANG_WARN_QUOTED_INCLUDE_IN_FRAMEWORK_HEADER = YES;
				CLANG_WARN_RANGE_LOOP_ANALYSIS = YES;
				CLANG_WARN_STRICT_PROTOTYPES = YES;
				CLANG_WARN_SUSPICIOUS_MOVE = YES;
				CLANG_WARN_UNGUARDED_AVAILABILITY = YES_AGGRESSIVE;
				CLANG_WARN_UNREACHABLE_CODE = YES;
				CLANG_WARN__DUPLICATE_METHOD_MATCH = YES;
				COPY_PHASE_STRIP = NO;
				DEBUG_INFORMATION_FORMAT = "dwarf-with-dsym";
				ENABLE_NS_ASSERTIONS = NO;
				ENABLE_STRICT_OBJC_MSGSEND = YES;
				GCC_C_LANGUAGE_STANDARD = gnu11;
				GCC_NO_COMMON_BLOCKS = YES;
				GCC_WARN_64_TO_32_BIT_CONVERSION = YES;
				GCC_WARN_ABOUT_RETURN_TYPE = YES_ERROR;
				GCC_WARN_UNDECLARED_SELECTOR = YES;
				GCC_WARN_UNINITIALIZED_AUTOS = YES_AGGRESSIVE;
				GCC_WARN_UNUSED_FUNCTION = YES;
				GCC_WARN_UNUSED_VARIABLE = YES;
				IPHONEOS_DEPLOYMENT_TARGET = 16.2;
				MTL_ENABLE_DEBUG_INFO = NO;
				MTL_FAST_MATH = YES;
				SDKROOT = iphoneos;
				SWIFT_COMPILATION_MODE = wholemodule;
				SWIFT_OPTIMIZATION_LEVEL = "-O";
				VALIDATE_PRODUCT = YES;
			};
			name = Release;
		};
		5B24508629C9A5BD00353D1A /* Debug */ = {
			isa = XCBuildConfiguration;
			buildSettings = {
				ASSETCATALOG_COMPILER_APPICON_NAME = AppIcon;
				ASSETCATALOG_COMPILER_GLOBAL_ACCENT_COLOR_NAME = AccentColor;
				CODE_SIGN_STYLE = Automatic;
				CURRENT_PROJECT_VERSION = 1;
				GENERATE_INFOPLIST_FILE = YES;
				INFOPLIST_FILE = tiaraDanceProject/Info.plist;
				INFOPLIST_KEY_UIApplicationSupportsIndirectInputEvents = YES;
				INFOPLIST_KEY_UILaunchStoryboardName = LaunchScreen;
				INFOPLIST_KEY_UIMainStoryboardFile = Main;
				INFOPLIST_KEY_UISupportedInterfaceOrientations_iPad = "UIInterfaceOrientationPortrait UIInterfaceOrientationPortraitUpsideDown UIInterfaceOrientationLandscapeLeft UIInterfaceOrientationLandscapeRight";
				INFOPLIST_KEY_UISupportedInterfaceOrientations_iPhone = "UIInterfaceOrientationPortrait UIInterfaceOrientationLandscapeLeft UIInterfaceOrientationLandscapeRight";
				LD_RUNPATH_SEARCH_PATHS = (
					"$(inherited)",
					"@executable_path/Frameworks",
				);
				MARKETING_VERSION = 1.0;
				PRODUCT_BUNDLE_IDENTIFIER = Maxim.tiaraDanceProject;
				PRODUCT_NAME = "$(TARGET_NAME)";
				SWIFT_EMIT_LOC_STRINGS = YES;
				SWIFT_VERSION = 5.0;
				TARGETED_DEVICE_FAMILY = "1,2";
			};
			name = Debug;
		};
		5B24508729C9A5BD00353D1A /* Release */ = {
			isa = XCBuildConfiguration;
			buildSettings = {
				ASSETCATALOG_COMPILER_APPICON_NAME = AppIcon;
				ASSETCATALOG_COMPILER_GLOBAL_ACCENT_COLOR_NAME = AccentColor;
				CODE_SIGN_STYLE = Automatic;
				CURRENT_PROJECT_VERSION = 1;
				GENERATE_INFOPLIST_FILE = YES;
				INFOPLIST_FILE = tiaraDanceProject/Info.plist;
				INFOPLIST_KEY_UIApplicationSupportsIndirectInputEvents = YES;
				INFOPLIST_KEY_UILaunchStoryboardName = LaunchScreen;
				INFOPLIST_KEY_UIMainStoryboardFile = Main;
				INFOPLIST_KEY_UISupportedInterfaceOrientations_iPad = "UIInterfaceOrientationPortrait UIInterfaceOrientationPortraitUpsideDown UIInterfaceOrientationLandscapeLeft UIInterfaceOrientationLandscapeRight";
				INFOPLIST_KEY_UISupportedInterfaceOrientations_iPhone = "UIInterfaceOrientationPortrait UIInterfaceOrientationLandscapeLeft UIInterfaceOrientationLandscapeRight";
				LD_RUNPATH_SEARCH_PATHS = (
					"$(inherited)",
					"@executable_path/Frameworks",
				);
				MARKETING_VERSION = 1.0;
				PRODUCT_BUNDLE_IDENTIFIER = Maxim.tiaraDanceProject;
				PRODUCT_NAME = "$(TARGET_NAME)";
				SWIFT_EMIT_LOC_STRINGS = YES;
				SWIFT_VERSION = 5.0;
				TARGETED_DEVICE_FAMILY = "1,2";
			};
			name = Release;
		};
/* End XCBuildConfiguration section */

/* Begin XCConfigurationList section */
		5B24506C29C9A5BB00353D1A /* Build configuration list for PBXProject "tiaraDanceProject" */ = {
			isa = XCConfigurationList;
			buildConfigurations = (
				5B24508329C9A5BD00353D1A /* Debug */,
				5B24508429C9A5BD00353D1A /* Release */,
			);
			defaultConfigurationIsVisible = 0;
			defaultConfigurationName = Release;
		};
		5B24508529C9A5BD00353D1A /* Build configuration list for PBXNativeTarget "tiaraDanceProject" */ = {
			isa = XCConfigurationList;
			buildConfigurations = (
				5B24508629C9A5BD00353D1A /* Debug */,
				5B24508729C9A5BD00353D1A /* Release */,
			);
			defaultConfigurationIsVisible = 0;
			defaultConfigurationName = Release;
		};
/* End XCConfigurationList section */
	};
	rootObject = 5B24506929C9A5BB00353D1A /* Project object */;
}
